// !$*UTF8*$!
{
	archiveVersion = 1;
	classes = {
	};
	objectVersion = 55;
	objects = {

/* Begin PBXBuildFile section */
		660CDE502708E6B600643B54 /* ImportTextView.swift in Sources */ = {isa = PBXBuildFile; fileRef = 660CDE4F2708E6B600643B54 /* ImportTextView.swift */; };
		663C1EA2270E1DF90039A8A0 /* AlertTestView.swift in Sources */ = {isa = PBXBuildFile; fileRef = 663C1EA1270E1DF90039A8A0 /* AlertTestView.swift */; };
		66481546274658EB00422899 /* FlashingMethodTests.swift in Sources */ = {isa = PBXBuildFile; fileRef = 66481545274658EA00422899 /* FlashingMethodTests.swift */; };
		664DA73027348C4D00FF9A1E /* WebParser.swift in Sources */ = {isa = PBXBuildFile; fileRef = 664DA72F27348C4D00FF9A1E /* WebParser.swift */; };
		664DA736273496C100FF9A1E /* PasteUrlView.swift in Sources */ = {isa = PBXBuildFile; fileRef = 664DA735273496C100FF9A1E /* PasteUrlView.swift */; };
		6658A604270B09B7006F85DB /* ImportedText.swift in Sources */ = {isa = PBXBuildFile; fileRef = 6658A603270B09B7006F85DB /* ImportedText.swift */; };
		666063FF273EC1260083BEF2 /* PdfParser.swift in Sources */ = {isa = PBXBuildFile; fileRef = 666063FE273EC1260083BEF2 /* PdfParser.swift */; };
		66606401273EC14F0083BEF2 /* ePubParser.swift in Sources */ = {isa = PBXBuildFile; fileRef = 66606400273EC14F0083BEF2 /* ePubParser.swift */; };
		66678BB3274DADB700AFF335 /* User.swift in Sources */ = {isa = PBXBuildFile; fileRef = 66678BB2274DADB700AFF335 /* User.swift */; };
		667042A827039D47000F5E95 /* ReadflixApp.swift in Sources */ = {isa = PBXBuildFile; fileRef = 667042A727039D47000F5E95 /* ReadflixApp.swift */; };
		667042AA27039D47000F5E95 /* ContentView.swift in Sources */ = {isa = PBXBuildFile; fileRef = 667042A927039D47000F5E95 /* ContentView.swift */; };
		667042AC27039D49000F5E95 /* Assets.xcassets in Resources */ = {isa = PBXBuildFile; fileRef = 667042AB27039D49000F5E95 /* Assets.xcassets */; };
		667042AF27039D49000F5E95 /* Preview Assets.xcassets in Resources */ = {isa = PBXBuildFile; fileRef = 667042AE27039D49000F5E95 /* Preview Assets.xcassets */; };
		667042B127039D49000F5E95 /* Persistence.swift in Sources */ = {isa = PBXBuildFile; fileRef = 667042B027039D49000F5E95 /* Persistence.swift */; };
		667042B427039D49000F5E95 /* Readflix.xcdatamodeld in Sources */ = {isa = PBXBuildFile; fileRef = 667042B227039D49000F5E95 /* Readflix.xcdatamodeld */; };
		667042BE27039D49000F5E95 /* ReadflixTests.swift in Sources */ = {isa = PBXBuildFile; fileRef = 667042BD27039D49000F5E95 /* ReadflixTests.swift */; };
		667042C827039D49000F5E95 /* ReadflixUITests.swift in Sources */ = {isa = PBXBuildFile; fileRef = 667042C727039D49000F5E95 /* ReadflixUITests.swift */; };
		667042CA27039D49000F5E95 /* ReadflixUITestsLaunchTests.swift in Sources */ = {isa = PBXBuildFile; fileRef = 667042C927039D49000F5E95 /* ReadflixUITestsLaunchTests.swift */; };
		667042D827039E20000F5E95 /* ImportScanView.swift in Sources */ = {isa = PBXBuildFile; fileRef = 667042D727039E20000F5E95 /* ImportScanView.swift */; };
		667042DA27039E3B000F5E95 /* ImportView.swift in Sources */ = {isa = PBXBuildFile; fileRef = 667042D927039E3B000F5E95 /* ImportView.swift */; };
		667042DC27039E4E000F5E95 /* ScanningView.swift in Sources */ = {isa = PBXBuildFile; fileRef = 667042DB27039E4E000F5E95 /* ScanningView.swift */; };
		667042DE27039EB1000F5E95 /* BookshelfView.swift in Sources */ = {isa = PBXBuildFile; fileRef = 667042DD27039EB1000F5E95 /* BookshelfView.swift */; };
		667042E027039EC6000F5E95 /* RootTabView.swift in Sources */ = {isa = PBXBuildFile; fileRef = 667042DF27039EC6000F5E95 /* RootTabView.swift */; };
		667042E227039EE3000F5E95 /* DiscoverView.swift in Sources */ = {isa = PBXBuildFile; fileRef = 667042E127039EE3000F5E95 /* DiscoverView.swift */; };
		667042E427039F6A000F5E95 /* StatisticsView.swift in Sources */ = {isa = PBXBuildFile; fileRef = 667042E327039F6A000F5E95 /* StatisticsView.swift */; };
		667042E627039F85000F5E95 /* ProfileView.swift in Sources */ = {isa = PBXBuildFile; fileRef = 667042E527039F85000F5E95 /* ProfileView.swift */; };
		667042EC27039FDF000F5E95 /* TextRecogniser.swift in Sources */ = {isa = PBXBuildFile; fileRef = 667042EB27039FDF000F5E95 /* TextRecogniser.swift */; };
		6670B09D27108A6300CFEEA2 /* PasteTextView.swift in Sources */ = {isa = PBXBuildFile; fileRef = 6670B09C27108A6300CFEEA2 /* PasteTextView.swift */; };
		6676A502273D189B00A324F2 /* PasteDocsView.swift in Sources */ = {isa = PBXBuildFile; fileRef = 6676A501273D189B00A324F2 /* PasteDocsView.swift */; };
		6678D27B27078BD400D712EE /* ImportButtonItemView.swift in Sources */ = {isa = PBXBuildFile; fileRef = 6678D27A27078BD400D712EE /* ImportButtonItemView.swift */; };
		667C29CF27597F0500AFA031 /* FlashingSettingsView.swift in Sources */ = {isa = PBXBuildFile; fileRef = 667C29CE27597F0500AFA031 /* FlashingSettingsView.swift */; };
		6695917927404189008B9947 /* PdfParserTests.swift in Sources */ = {isa = PBXBuildFile; fileRef = 6695917827404189008B9947 /* PdfParserTests.swift */; };
		66A43F60274279A2000F6C75 /* FlashingMethod.swift in Sources */ = {isa = PBXBuildFile; fileRef = 66A43F5F274279A2000F6C75 /* FlashingMethod.swift */; };
		66B390E627059E8B00FF7E66 /* FileManager.swift in Sources */ = {isa = PBXBuildFile; fileRef = 66B390E527059E8B00FF7E66 /* FileManager.swift */; };
		66B390E827059FF100FF7E66 /* ImportedTextFileStateController.swift in Sources */ = {isa = PBXBuildFile; fileRef = 66B390E727059FF100FF7E66 /* ImportedTextFileStateController.swift */; };
		66C48ECD2754E6930029C8B3 /* FlashingReadView.swift in Sources */ = {isa = PBXBuildFile; fileRef = 66C48ECC2754E6930029C8B3 /* FlashingReadView.swift */; };
		66C56C3527358A3B00A02355 /* TestHtml.html in Resources */ = {isa = PBXBuildFile; fileRef = 66C56C3427358A3B00A02355 /* TestHtml.html */; };
		66C56C3627358A3B00A02355 /* TestHtml.html in Resources */ = {isa = PBXBuildFile; fileRef = 66C56C3427358A3B00A02355 /* TestHtml.html */; };
		66C56C382735915400A02355 /* WebParserTests.swift in Sources */ = {isa = PBXBuildFile; fileRef = 66C56C372735915400A02355 /* WebParserTests.swift */; };
		66C9B4F02708F3BF006E70FB /* ImportDocsView.swift in Sources */ = {isa = PBXBuildFile; fileRef = 66C9B4EF2708F3BF006E70FB /* ImportDocsView.swift */; };
		66C9B4F22708F3E3006E70FB /* ImportUrlView.swift in Sources */ = {isa = PBXBuildFile; fileRef = 66C9B4F12708F3E3006E70FB /* ImportUrlView.swift */; };
		66C9B4F42708F41F006E70FB /* ImportNewsView.swift in Sources */ = {isa = PBXBuildFile; fileRef = 66C9B4F32708F41F006E70FB /* ImportNewsView.swift */; };
		66C9B4F62708F42C006E70FB /* ImportBooksView.swift in Sources */ = {isa = PBXBuildFile; fileRef = 66C9B4F52708F42C006E70FB /* ImportBooksView.swift */; };
		66FC69EC273446C300671A2E /* FileManager.swift in Sources */ = {isa = PBXBuildFile; fileRef = 66B390E527059E8B00FF7E66 /* FileManager.swift */; };
		66FC69EE27344CBE00671A2E /* FileManagerTests.swift in Sources */ = {isa = PBXBuildFile; fileRef = 66FC69ED27344CBE00671A2E /* FileManagerTests.swift */; };
		75C06EF21C5C04EC1AE6BF75 /* Pods_ReadflixTests.framework in Frameworks */ = {isa = PBXBuildFile; fileRef = 908C7DB386BCFDE0393F0E39 /* Pods_ReadflixTests.framework */; };
		7D23FE2EFE2746C6B033B792 /* Pods_Readflix_ReadflixUITests.framework in Frameworks */ = {isa = PBXBuildFile; fileRef = 768DB555A2AA2334E4D35A09 /* Pods_Readflix_ReadflixUITests.framework */; };
		8040ECC222E545B3F5B6D265 /* Pods_Readflix.framework in Frameworks */ = {isa = PBXBuildFile; fileRef = 58CFCC021537A37A8573E45E /* Pods_Readflix.framework */; };
/* End PBXBuildFile section */

/* Begin PBXContainerItemProxy section */
		667042BA27039D49000F5E95 /* PBXContainerItemProxy */ = {
			isa = PBXContainerItemProxy;
			containerPortal = 6670429C27039D47000F5E95 /* Project object */;
			proxyType = 1;
			remoteGlobalIDString = 667042A327039D47000F5E95;
			remoteInfo = Readflix;
		};
		667042C427039D49000F5E95 /* PBXContainerItemProxy */ = {
			isa = PBXContainerItemProxy;
			containerPortal = 6670429C27039D47000F5E95 /* Project object */;
			proxyType = 1;
			remoteGlobalIDString = 667042A327039D47000F5E95;
			remoteInfo = Readflix;
		};
/* End PBXContainerItemProxy section */

/* Begin PBXFileReference section */
		042231B2062DC922AFCF7502 /* Pods-Readflix-ReadflixUITests.release.xcconfig */ = {isa = PBXFileReference; includeInIndex = 1; lastKnownFileType = text.xcconfig; name = "Pods-Readflix-ReadflixUITests.release.xcconfig"; path = "Target Support Files/Pods-Readflix-ReadflixUITests/Pods-Readflix-ReadflixUITests.release.xcconfig"; sourceTree = "<group>"; };
		26F97DE8545DFC3E435ECC4E /* Pods-ReadflixTests.release.xcconfig */ = {isa = PBXFileReference; includeInIndex = 1; lastKnownFileType = text.xcconfig; name = "Pods-ReadflixTests.release.xcconfig"; path = "Target Support Files/Pods-ReadflixTests/Pods-ReadflixTests.release.xcconfig"; sourceTree = "<group>"; };
		58CFCC021537A37A8573E45E /* Pods_Readflix.framework */ = {isa = PBXFileReference; explicitFileType = wrapper.framework; includeInIndex = 0; path = Pods_Readflix.framework; sourceTree = BUILT_PRODUCTS_DIR; };
		660CDE4F2708E6B600643B54 /* ImportTextView.swift */ = {isa = PBXFileReference; lastKnownFileType = sourcecode.swift; path = ImportTextView.swift; sourceTree = "<group>"; };
		663C1EA1270E1DF90039A8A0 /* AlertTestView.swift */ = {isa = PBXFileReference; lastKnownFileType = sourcecode.swift; path = AlertTestView.swift; sourceTree = "<group>"; };
		66481545274658EA00422899 /* FlashingMethodTests.swift */ = {isa = PBXFileReference; lastKnownFileType = sourcecode.swift; path = FlashingMethodTests.swift; sourceTree = "<group>"; };
		664DA72F27348C4D00FF9A1E /* WebParser.swift */ = {isa = PBXFileReference; lastKnownFileType = sourcecode.swift; path = WebParser.swift; sourceTree = "<group>"; };
		664DA735273496C100FF9A1E /* PasteUrlView.swift */ = {isa = PBXFileReference; lastKnownFileType = sourcecode.swift; path = PasteUrlView.swift; sourceTree = "<group>"; };
		6658A603270B09B7006F85DB /* ImportedText.swift */ = {isa = PBXFileReference; lastKnownFileType = sourcecode.swift; path = ImportedText.swift; sourceTree = "<group>"; };
		666063FE273EC1260083BEF2 /* PdfParser.swift */ = {isa = PBXFileReference; lastKnownFileType = sourcecode.swift; path = PdfParser.swift; sourceTree = "<group>"; };
		66606400273EC14F0083BEF2 /* ePubParser.swift */ = {isa = PBXFileReference; lastKnownFileType = sourcecode.swift; path = ePubParser.swift; sourceTree = "<group>"; };
		66678BB2274DADB700AFF335 /* User.swift */ = {isa = PBXFileReference; lastKnownFileType = sourcecode.swift; path = User.swift; sourceTree = "<group>"; };
		667042A427039D47000F5E95 /* Readflix.app */ = {isa = PBXFileReference; explicitFileType = wrapper.application; includeInIndex = 0; path = Readflix.app; sourceTree = BUILT_PRODUCTS_DIR; };
		667042A727039D47000F5E95 /* ReadflixApp.swift */ = {isa = PBXFileReference; lastKnownFileType = sourcecode.swift; path = ReadflixApp.swift; sourceTree = "<group>"; };
		667042A927039D47000F5E95 /* ContentView.swift */ = {isa = PBXFileReference; lastKnownFileType = sourcecode.swift; path = ContentView.swift; sourceTree = "<group>"; };
		667042AB27039D49000F5E95 /* Assets.xcassets */ = {isa = PBXFileReference; lastKnownFileType = folder.assetcatalog; path = Assets.xcassets; sourceTree = "<group>"; };
		667042AE27039D49000F5E95 /* Preview Assets.xcassets */ = {isa = PBXFileReference; lastKnownFileType = folder.assetcatalog; path = "Preview Assets.xcassets"; sourceTree = "<group>"; };
		667042B027039D49000F5E95 /* Persistence.swift */ = {isa = PBXFileReference; lastKnownFileType = sourcecode.swift; path = Persistence.swift; sourceTree = "<group>"; };
		667042B327039D49000F5E95 /* Readflix.xcdatamodel */ = {isa = PBXFileReference; lastKnownFileType = wrapper.xcdatamodel; path = Readflix.xcdatamodel; sourceTree = "<group>"; };
		667042B927039D49000F5E95 /* ReadflixTests.xctest */ = {isa = PBXFileReference; explicitFileType = wrapper.cfbundle; includeInIndex = 0; path = ReadflixTests.xctest; sourceTree = BUILT_PRODUCTS_DIR; };
		667042BD27039D49000F5E95 /* ReadflixTests.swift */ = {isa = PBXFileReference; lastKnownFileType = sourcecode.swift; path = ReadflixTests.swift; sourceTree = "<group>"; };
		667042C327039D49000F5E95 /* ReadflixUITests.xctest */ = {isa = PBXFileReference; explicitFileType = wrapper.cfbundle; includeInIndex = 0; path = ReadflixUITests.xctest; sourceTree = BUILT_PRODUCTS_DIR; };
		667042C727039D49000F5E95 /* ReadflixUITests.swift */ = {isa = PBXFileReference; lastKnownFileType = sourcecode.swift; path = ReadflixUITests.swift; sourceTree = "<group>"; };
		667042C927039D49000F5E95 /* ReadflixUITestsLaunchTests.swift */ = {isa = PBXFileReference; lastKnownFileType = sourcecode.swift; path = ReadflixUITestsLaunchTests.swift; sourceTree = "<group>"; };
		667042D727039E20000F5E95 /* ImportScanView.swift */ = {isa = PBXFileReference; lastKnownFileType = sourcecode.swift; path = ImportScanView.swift; sourceTree = "<group>"; };
		667042D927039E3B000F5E95 /* ImportView.swift */ = {isa = PBXFileReference; lastKnownFileType = sourcecode.swift; path = ImportView.swift; sourceTree = "<group>"; };
		667042DB27039E4E000F5E95 /* ScanningView.swift */ = {isa = PBXFileReference; lastKnownFileType = sourcecode.swift; path = ScanningView.swift; sourceTree = "<group>"; };
		667042DD27039EB1000F5E95 /* BookshelfView.swift */ = {isa = PBXFileReference; lastKnownFileType = sourcecode.swift; path = BookshelfView.swift; sourceTree = "<group>"; };
		667042DF27039EC6000F5E95 /* RootTabView.swift */ = {isa = PBXFileReference; lastKnownFileType = sourcecode.swift; path = RootTabView.swift; sourceTree = "<group>"; };
		667042E127039EE3000F5E95 /* DiscoverView.swift */ = {isa = PBXFileReference; lastKnownFileType = sourcecode.swift; path = DiscoverView.swift; sourceTree = "<group>"; };
		667042E327039F6A000F5E95 /* StatisticsView.swift */ = {isa = PBXFileReference; lastKnownFileType = sourcecode.swift; path = StatisticsView.swift; sourceTree = "<group>"; };
		667042E527039F85000F5E95 /* ProfileView.swift */ = {isa = PBXFileReference; lastKnownFileType = sourcecode.swift; path = ProfileView.swift; sourceTree = "<group>"; };
		667042EB27039FDF000F5E95 /* TextRecogniser.swift */ = {isa = PBXFileReference; lastKnownFileType = sourcecode.swift; path = TextRecogniser.swift; sourceTree = "<group>"; };
		6670B09C27108A6300CFEEA2 /* PasteTextView.swift */ = {isa = PBXFileReference; lastKnownFileType = sourcecode.swift; path = PasteTextView.swift; sourceTree = "<group>"; };
		6676A501273D189B00A324F2 /* PasteDocsView.swift */ = {isa = PBXFileReference; lastKnownFileType = sourcecode.swift; path = PasteDocsView.swift; sourceTree = "<group>"; };
		6678D27A27078BD400D712EE /* ImportButtonItemView.swift */ = {isa = PBXFileReference; lastKnownFileType = sourcecode.swift; path = ImportButtonItemView.swift; sourceTree = "<group>"; };
		667C29CE27597F0500AFA031 /* FlashingSettingsView.swift */ = {isa = PBXFileReference; lastKnownFileType = sourcecode.swift; path = FlashingSettingsView.swift; sourceTree = "<group>"; };
		6695917827404189008B9947 /* PdfParserTests.swift */ = {isa = PBXFileReference; lastKnownFileType = sourcecode.swift; path = PdfParserTests.swift; sourceTree = "<group>"; };
		66A43F5F274279A2000F6C75 /* FlashingMethod.swift */ = {isa = PBXFileReference; lastKnownFileType = sourcecode.swift; path = FlashingMethod.swift; sourceTree = "<group>"; };
		66B390E527059E8B00FF7E66 /* FileManager.swift */ = {isa = PBXFileReference; lastKnownFileType = sourcecode.swift; path = FileManager.swift; sourceTree = "<group>"; };
		66B390E727059FF100FF7E66 /* ImportedTextFileStateController.swift */ = {isa = PBXFileReference; lastKnownFileType = sourcecode.swift; path = ImportedTextFileStateController.swift; sourceTree = "<group>"; };
		66C48ECC2754E6930029C8B3 /* FlashingReadView.swift */ = {isa = PBXFileReference; lastKnownFileType = sourcecode.swift; path = FlashingReadView.swift; sourceTree = "<group>"; };
		66C56C3427358A3B00A02355 /* TestHtml.html */ = {isa = PBXFileReference; fileEncoding = 4; lastKnownFileType = text.html; path = TestHtml.html; sourceTree = "<group>"; };
		66C56C372735915400A02355 /* WebParserTests.swift */ = {isa = PBXFileReference; lastKnownFileType = sourcecode.swift; path = WebParserTests.swift; sourceTree = "<group>"; };
		66C9B4EF2708F3BF006E70FB /* ImportDocsView.swift */ = {isa = PBXFileReference; lastKnownFileType = sourcecode.swift; path = ImportDocsView.swift; sourceTree = "<group>"; };
		66C9B4F12708F3E3006E70FB /* ImportUrlView.swift */ = {isa = PBXFileReference; lastKnownFileType = sourcecode.swift; path = ImportUrlView.swift; sourceTree = "<group>"; };
		66C9B4F32708F41F006E70FB /* ImportNewsView.swift */ = {isa = PBXFileReference; lastKnownFileType = sourcecode.swift; path = ImportNewsView.swift; sourceTree = "<group>"; };
		66C9B4F52708F42C006E70FB /* ImportBooksView.swift */ = {isa = PBXFileReference; lastKnownFileType = sourcecode.swift; path = ImportBooksView.swift; sourceTree = "<group>"; };
		66E86F9D27404A8900D93242 /* TestPlaygrounds.playground */ = {isa = PBXFileReference; lastKnownFileType = file.playground; path = TestPlaygrounds.playground; sourceTree = "<group>"; xcLanguageSpecificationIdentifier = xcode.lang.swift; };
		66FC69ED27344CBE00671A2E /* FileManagerTests.swift */ = {isa = PBXFileReference; lastKnownFileType = sourcecode.swift; path = FileManagerTests.swift; sourceTree = "<group>"; };
		768DB555A2AA2334E4D35A09 /* Pods_Readflix_ReadflixUITests.framework */ = {isa = PBXFileReference; explicitFileType = wrapper.framework; includeInIndex = 0; path = Pods_Readflix_ReadflixUITests.framework; sourceTree = BUILT_PRODUCTS_DIR; };
		908C7DB386BCFDE0393F0E39 /* Pods_ReadflixTests.framework */ = {isa = PBXFileReference; explicitFileType = wrapper.framework; includeInIndex = 0; path = Pods_ReadflixTests.framework; sourceTree = BUILT_PRODUCTS_DIR; };
		98ADED8302A53FBA3A764C9C /* Pods-Readflix.release.xcconfig */ = {isa = PBXFileReference; includeInIndex = 1; lastKnownFileType = text.xcconfig; name = "Pods-Readflix.release.xcconfig"; path = "Target Support Files/Pods-Readflix/Pods-Readflix.release.xcconfig"; sourceTree = "<group>"; };
		C9C7557FC772D14A36873C35 /* Pods-Readflix-ReadflixUITests.debug.xcconfig */ = {isa = PBXFileReference; includeInIndex = 1; lastKnownFileType = text.xcconfig; name = "Pods-Readflix-ReadflixUITests.debug.xcconfig"; path = "Target Support Files/Pods-Readflix-ReadflixUITests/Pods-Readflix-ReadflixUITests.debug.xcconfig"; sourceTree = "<group>"; };
		F76E5671708F1303944DC0ED /* Pods-ReadflixTests.debug.xcconfig */ = {isa = PBXFileReference; includeInIndex = 1; lastKnownFileType = text.xcconfig; name = "Pods-ReadflixTests.debug.xcconfig"; path = "Target Support Files/Pods-ReadflixTests/Pods-ReadflixTests.debug.xcconfig"; sourceTree = "<group>"; };
		F7B9168043D8618C7EFA5066 /* Pods-Readflix.debug.xcconfig */ = {isa = PBXFileReference; includeInIndex = 1; lastKnownFileType = text.xcconfig; name = "Pods-Readflix.debug.xcconfig"; path = "Target Support Files/Pods-Readflix/Pods-Readflix.debug.xcconfig"; sourceTree = "<group>"; };
/* End PBXFileReference section */

/* Begin PBXFrameworksBuildPhase section */
		667042A127039D47000F5E95 /* Frameworks */ = {
			isa = PBXFrameworksBuildPhase;
			buildActionMask = 2147483647;
			files = (
				8040ECC222E545B3F5B6D265 /* Pods_Readflix.framework in Frameworks */,
			);
			runOnlyForDeploymentPostprocessing = 0;
		};
		667042B627039D49000F5E95 /* Frameworks */ = {
			isa = PBXFrameworksBuildPhase;
			buildActionMask = 2147483647;
			files = (
				75C06EF21C5C04EC1AE6BF75 /* Pods_ReadflixTests.framework in Frameworks */,
			);
			runOnlyForDeploymentPostprocessing = 0;
		};
		667042C027039D49000F5E95 /* Frameworks */ = {
			isa = PBXFrameworksBuildPhase;
			buildActionMask = 2147483647;
			files = (
				7D23FE2EFE2746C6B033B792 /* Pods_Readflix_ReadflixUITests.framework in Frameworks */,
			);
			runOnlyForDeploymentPostprocessing = 0;
		};
/* End PBXFrameworksBuildPhase section */

/* Begin PBXGroup section */
		0B536A2D21BF0670F1370008 /* Frameworks */ = {
			isa = PBXGroup;
			children = (
				58CFCC021537A37A8573E45E /* Pods_Readflix.framework */,
				768DB555A2AA2334E4D35A09 /* Pods_Readflix_ReadflixUITests.framework */,
				908C7DB386BCFDE0393F0E39 /* Pods_ReadflixTests.framework */,
			);
			name = Frameworks;
			sourceTree = "<group>";
		};
		6670429B27039D47000F5E95 = {
			isa = PBXGroup;
			children = (
				66E86F9C27404A6200D93242 /* Playgrounds */,
				667042A627039D47000F5E95 /* Readflix */,
				66B390E427059E7300FF7E66 /* Extensions */,
				667042D627039DB1000F5E95 /* Views */,
				667042E727039FA4000F5E95 /* Models */,
				667042EA27039FC8000F5E95 /* Controllers */,
				667042BC27039D49000F5E95 /* ReadflixTests */,
				667042C627039D49000F5E95 /* ReadflixUITests */,
				667042A527039D47000F5E95 /* Products */,
				84F6A28F16D1868B8E7DBD8F /* Pods */,
				0B536A2D21BF0670F1370008 /* Frameworks */,
			);
			sourceTree = "<group>";
		};
		667042A527039D47000F5E95 /* Products */ = {
			isa = PBXGroup;
			children = (
				667042A427039D47000F5E95 /* Readflix.app */,
				667042B927039D49000F5E95 /* ReadflixTests.xctest */,
				667042C327039D49000F5E95 /* ReadflixUITests.xctest */,
			);
			name = Products;
			sourceTree = "<group>";
		};
		667042A627039D47000F5E95 /* Readflix */ = {
			isa = PBXGroup;
			children = (
				667042A727039D47000F5E95 /* ReadflixApp.swift */,
				667042AB27039D49000F5E95 /* Assets.xcassets */,
				667042B227039D49000F5E95 /* Readflix.xcdatamodeld */,
				667042AD27039D49000F5E95 /* Preview Content */,
				66C56C33273589C700A02355 /* Assets */,
			);
			path = Readflix;
			sourceTree = "<group>";
		};
		667042AD27039D49000F5E95 /* Preview Content */ = {
			isa = PBXGroup;
			children = (
				667042AE27039D49000F5E95 /* Preview Assets.xcassets */,
			);
			path = "Preview Content";
			sourceTree = "<group>";
		};
		667042BC27039D49000F5E95 /* ReadflixTests */ = {
			isa = PBXGroup;
			children = (
				667042BD27039D49000F5E95 /* ReadflixTests.swift */,
				66FC69ED27344CBE00671A2E /* FileManagerTests.swift */,
				66C56C372735915400A02355 /* WebParserTests.swift */,
				6695917827404189008B9947 /* PdfParserTests.swift */,
				66481545274658EA00422899 /* FlashingMethodTests.swift */,
			);
			path = ReadflixTests;
			sourceTree = "<group>";
		};
		667042C627039D49000F5E95 /* ReadflixUITests */ = {
			isa = PBXGroup;
			children = (
				667042C727039D49000F5E95 /* ReadflixUITests.swift */,
				667042C927039D49000F5E95 /* ReadflixUITestsLaunchTests.swift */,
			);
			path = ReadflixUITests;
			sourceTree = "<group>";
		};
		667042D627039DB1000F5E95 /* Views */ = {
			isa = PBXGroup;
			children = (
				6681DF932748159000A9383C /* ReadingViews */,
				6694332B272817AE0060EF48 /* AppStructure */,
				6694332C272817D70060EF48 /* Import */,
				6694332A272817A00060EF48 /* ImportNews */,
				66943329272817860060EF48 /* ImportUrl */,
				66943328272817680060EF48 /* ImportText */,
				66B640D32739385A00A93AF1 /* ImportDocs */,
				669433262728171F0060EF48 /* ImportScan */,
				6676A504273D453600A324F2 /* ImportBooks */,
				66943327272817290060EF48 /* OtherMethods */,
			);
			path = Views;
			sourceTree = "<group>";
		};
		667042E727039FA4000F5E95 /* Models */ = {
			isa = PBXGroup;
			children = (
				667042B027039D49000F5E95 /* Persistence.swift */,
				6658A603270B09B7006F85DB /* ImportedText.swift */,
				667042EB27039FDF000F5E95 /* TextRecogniser.swift */,
				664DA72F27348C4D00FF9A1E /* WebParser.swift */,
				666063FE273EC1260083BEF2 /* PdfParser.swift */,
				66606400273EC14F0083BEF2 /* ePubParser.swift */,
				66A43F5F274279A2000F6C75 /* FlashingMethod.swift */,
				66678BB2274DADB700AFF335 /* User.swift */,
			);
			path = Models;
			sourceTree = "<group>";
		};
		667042EA27039FC8000F5E95 /* Controllers */ = {
			isa = PBXGroup;
			children = (
				66B390E727059FF100FF7E66 /* ImportedTextFileStateController.swift */,
			);
			path = Controllers;
			sourceTree = "<group>";
		};
		6676A504273D453600A324F2 /* ImportBooks */ = {
			isa = PBXGroup;
			children = (
				66C9B4F52708F42C006E70FB /* ImportBooksView.swift */,
			);
			path = ImportBooks;
			sourceTree = "<group>";
		};
		6681DF932748159000A9383C /* ReadingViews */ = {
			isa = PBXGroup;
			children = (
				66C48ECC2754E6930029C8B3 /* FlashingReadView.swift */,
				667C29CE27597F0500AFA031 /* FlashingSettingsView.swift */,
			);
			path = ReadingViews;
			sourceTree = "<group>";
		};
		669433262728171F0060EF48 /* ImportScan */ = {
			isa = PBXGroup;
			children = (
				667042D727039E20000F5E95 /* ImportScanView.swift */,
				667042DB27039E4E000F5E95 /* ScanningView.swift */,
			);
			path = ImportScan;
			sourceTree = "<group>";
		};
		66943327272817290060EF48 /* OtherMethods */ = {
			isa = PBXGroup;
			children = (
				663C1EA1270E1DF90039A8A0 /* AlertTestView.swift */,
			);
			path = OtherMethods;
			sourceTree = "<group>";
		};
		66943328272817680060EF48 /* ImportText */ = {
			isa = PBXGroup;
			children = (
				660CDE4F2708E6B600643B54 /* ImportTextView.swift */,
				6670B09C27108A6300CFEEA2 /* PasteTextView.swift */,
			);
			path = ImportText;
			sourceTree = "<group>";
		};
		66943329272817860060EF48 /* ImportUrl */ = {
			isa = PBXGroup;
			children = (
				66C9B4F12708F3E3006E70FB /* ImportUrlView.swift */,
				664DA735273496C100FF9A1E /* PasteUrlView.swift */,
			);
			path = ImportUrl;
			sourceTree = "<group>";
		};
		6694332A272817A00060EF48 /* ImportNews */ = {
			isa = PBXGroup;
			children = (
				66C9B4F32708F41F006E70FB /* ImportNewsView.swift */,
			);
			path = ImportNews;
			sourceTree = "<group>";
		};
		6694332B272817AE0060EF48 /* AppStructure */ = {
			isa = PBXGroup;
			children = (
				667042A927039D47000F5E95 /* ContentView.swift */,
				667042DF27039EC6000F5E95 /* RootTabView.swift */,
				667042DD27039EB1000F5E95 /* BookshelfView.swift */,
				667042E127039EE3000F5E95 /* DiscoverView.swift */,
				667042E327039F6A000F5E95 /* StatisticsView.swift */,
				667042E527039F85000F5E95 /* ProfileView.swift */,
			);
			path = AppStructure;
			sourceTree = "<group>";
		};
		6694332C272817D70060EF48 /* Import */ = {
			isa = PBXGroup;
			children = (
				667042D927039E3B000F5E95 /* ImportView.swift */,
				6678D27A27078BD400D712EE /* ImportButtonItemView.swift */,
			);
			path = Import;
			sourceTree = "<group>";
		};
		66B390E427059E7300FF7E66 /* Extensions */ = {
			isa = PBXGroup;
			children = (
				66B390E527059E8B00FF7E66 /* FileManager.swift */,
			);
			path = Extensions;
			sourceTree = "<group>";
		};
		66B640D32739385A00A93AF1 /* ImportDocs */ = {
			isa = PBXGroup;
			children = (
				66C9B4EF2708F3BF006E70FB /* ImportDocsView.swift */,
				6676A501273D189B00A324F2 /* PasteDocsView.swift */,
			);
			path = ImportDocs;
			sourceTree = "<group>";
		};
		66C56C33273589C700A02355 /* Assets */ = {
			isa = PBXGroup;
			children = (
				66C56C3427358A3B00A02355 /* TestHtml.html */,
			);
			path = Assets;
			sourceTree = "<group>";
		};
		66E86F9C27404A6200D93242 /* Playgrounds */ = {
			isa = PBXGroup;
			children = (
				66E86F9D27404A8900D93242 /* TestPlaygrounds.playground */,
			);
			path = Playgrounds;
			sourceTree = "<group>";
		};
		84F6A28F16D1868B8E7DBD8F /* Pods */ = {
			isa = PBXGroup;
			children = (
				F7B9168043D8618C7EFA5066 /* Pods-Readflix.debug.xcconfig */,
				98ADED8302A53FBA3A764C9C /* Pods-Readflix.release.xcconfig */,
				C9C7557FC772D14A36873C35 /* Pods-Readflix-ReadflixUITests.debug.xcconfig */,
				042231B2062DC922AFCF7502 /* Pods-Readflix-ReadflixUITests.release.xcconfig */,
				F76E5671708F1303944DC0ED /* Pods-ReadflixTests.debug.xcconfig */,
				26F97DE8545DFC3E435ECC4E /* Pods-ReadflixTests.release.xcconfig */,
			);
			path = Pods;
			sourceTree = "<group>";
		};
/* End PBXGroup section */

/* Begin PBXNativeTarget section */
		667042A327039D47000F5E95 /* Readflix */ = {
			isa = PBXNativeTarget;
			buildConfigurationList = 667042CD27039D49000F5E95 /* Build configuration list for PBXNativeTarget "Readflix" */;
			buildPhases = (
				A9F60290C56B75A81F9A0A95 /* [CP] Check Pods Manifest.lock */,
				667042A027039D47000F5E95 /* Sources */,
				667042A127039D47000F5E95 /* Frameworks */,
				667042A227039D47000F5E95 /* Resources */,
				46680A0206A74E298AE5F0D4 /* [CP] Embed Pods Frameworks */,
			);
			buildRules = (
			);
			dependencies = (
			);
			name = Readflix;
			productName = Readflix;
			productReference = 667042A427039D47000F5E95 /* Readflix.app */;
			productType = "com.apple.product-type.application";
		};
		667042B827039D49000F5E95 /* ReadflixTests */ = {
			isa = PBXNativeTarget;
			buildConfigurationList = 667042D027039D49000F5E95 /* Build configuration list for PBXNativeTarget "ReadflixTests" */;
			buildPhases = (
				F664D63DCF05C512E7114082 /* [CP] Check Pods Manifest.lock */,
				667042B527039D49000F5E95 /* Sources */,
				667042B627039D49000F5E95 /* Frameworks */,
				667042B727039D49000F5E95 /* Resources */,
			);
			buildRules = (
			);
			dependencies = (
				667042BB27039D49000F5E95 /* PBXTargetDependency */,
			);
			name = ReadflixTests;
			productName = ReadflixTests;
			productReference = 667042B927039D49000F5E95 /* ReadflixTests.xctest */;
			productType = "com.apple.product-type.bundle.unit-test";
		};
		667042C227039D49000F5E95 /* ReadflixUITests */ = {
			isa = PBXNativeTarget;
			buildConfigurationList = 667042D327039D49000F5E95 /* Build configuration list for PBXNativeTarget "ReadflixUITests" */;
			buildPhases = (
				AA45429DB93C557AEBCB1D6B /* [CP] Check Pods Manifest.lock */,
				667042BF27039D49000F5E95 /* Sources */,
				667042C027039D49000F5E95 /* Frameworks */,
				667042C127039D49000F5E95 /* Resources */,
				B6517AFF1BA8365F0631A8AD /* [CP] Embed Pods Frameworks */,
			);
			buildRules = (
			);
			dependencies = (
				667042C527039D49000F5E95 /* PBXTargetDependency */,
			);
			name = ReadflixUITests;
			productName = ReadflixUITests;
			productReference = 667042C327039D49000F5E95 /* ReadflixUITests.xctest */;
			productType = "com.apple.product-type.bundle.ui-testing";
		};
/* End PBXNativeTarget section */

/* Begin PBXProject section */
		6670429C27039D47000F5E95 /* Project object */ = {
			isa = PBXProject;
			attributes = {
				BuildIndependentTargetsInParallel = 1;
				LastSwiftUpdateCheck = 1300;
				LastUpgradeCheck = 1300;
				TargetAttributes = {
					667042A327039D47000F5E95 = {
						CreatedOnToolsVersion = 13.0;
					};
					667042B827039D49000F5E95 = {
						CreatedOnToolsVersion = 13.0;
						TestTargetID = 667042A327039D47000F5E95;
					};
					667042C227039D49000F5E95 = {
						CreatedOnToolsVersion = 13.0;
						TestTargetID = 667042A327039D47000F5E95;
					};
				};
			};
			buildConfigurationList = 6670429F27039D47000F5E95 /* Build configuration list for PBXProject "Readflix" */;
			compatibilityVersion = "Xcode 13.0";
			developmentRegion = en;
			hasScannedForEncodings = 0;
			knownRegions = (
				en,
				Base,
			);
			mainGroup = 6670429B27039D47000F5E95;
			productRefGroup = 667042A527039D47000F5E95 /* Products */;
			projectDirPath = "";
			projectRoot = "";
			targets = (
				667042A327039D47000F5E95 /* Readflix */,
				667042B827039D49000F5E95 /* ReadflixTests */,
				667042C227039D49000F5E95 /* ReadflixUITests */,
			);
		};
/* End PBXProject section */

/* Begin PBXResourcesBuildPhase section */
		667042A227039D47000F5E95 /* Resources */ = {
			isa = PBXResourcesBuildPhase;
			buildActionMask = 2147483647;
			files = (
				66C56C3527358A3B00A02355 /* TestHtml.html in Resources */,
				667042AF27039D49000F5E95 /* Preview Assets.xcassets in Resources */,
				667042AC27039D49000F5E95 /* Assets.xcassets in Resources */,
			);
			runOnlyForDeploymentPostprocessing = 0;
		};
		667042B727039D49000F5E95 /* Resources */ = {
			isa = PBXResourcesBuildPhase;
			buildActionMask = 2147483647;
			files = (
				66C56C3627358A3B00A02355 /* TestHtml.html in Resources */,
			);
			runOnlyForDeploymentPostprocessing = 0;
		};
		667042C127039D49000F5E95 /* Resources */ = {
			isa = PBXResourcesBuildPhase;
			buildActionMask = 2147483647;
			files = (
			);
			runOnlyForDeploymentPostprocessing = 0;
		};
/* End PBXResourcesBuildPhase section */

/* Begin PBXShellScriptBuildPhase section */
		46680A0206A74E298AE5F0D4 /* [CP] Embed Pods Frameworks */ = {
			isa = PBXShellScriptBuildPhase;
			buildActionMask = 2147483647;
			files = (
			);
			inputFileListPaths = (
				"${PODS_ROOT}/Target Support Files/Pods-Readflix/Pods-Readflix-frameworks-${CONFIGURATION}-input-files.xcfilelist",
			);
			name = "[CP] Embed Pods Frameworks";
			outputFileListPaths = (
				"${PODS_ROOT}/Target Support Files/Pods-Readflix/Pods-Readflix-frameworks-${CONFIGURATION}-output-files.xcfilelist",
			);
			runOnlyForDeploymentPostprocessing = 0;
			shellPath = /bin/sh;
			shellScript = "\"${PODS_ROOT}/Target Support Files/Pods-Readflix/Pods-Readflix-frameworks.sh\"\n";
			showEnvVarsInLog = 0;
		};
		A9F60290C56B75A81F9A0A95 /* [CP] Check Pods Manifest.lock */ = {
			isa = PBXShellScriptBuildPhase;
			buildActionMask = 2147483647;
			files = (
			);
			inputFileListPaths = (
			);
			inputPaths = (
				"${PODS_PODFILE_DIR_PATH}/Podfile.lock",
				"${PODS_ROOT}/Manifest.lock",
			);
			name = "[CP] Check Pods Manifest.lock";
			outputFileListPaths = (
			);
			outputPaths = (
				"$(DERIVED_FILE_DIR)/Pods-Readflix-checkManifestLockResult.txt",
			);
			runOnlyForDeploymentPostprocessing = 0;
			shellPath = /bin/sh;
			shellScript = "diff \"${PODS_PODFILE_DIR_PATH}/Podfile.lock\" \"${PODS_ROOT}/Manifest.lock\" > /dev/null\nif [ $? != 0 ] ; then\n    # print error to STDERR\n    echo \"error: The sandbox is not in sync with the Podfile.lock. Run 'pod install' or update your CocoaPods installation.\" >&2\n    exit 1\nfi\n# This output is used by Xcode 'outputs' to avoid re-running this script phase.\necho \"SUCCESS\" > \"${SCRIPT_OUTPUT_FILE_0}\"\n";
			showEnvVarsInLog = 0;
		};
		AA45429DB93C557AEBCB1D6B /* [CP] Check Pods Manifest.lock */ = {
			isa = PBXShellScriptBuildPhase;
			buildActionMask = 2147483647;
			files = (
			);
			inputFileListPaths = (
			);
			inputPaths = (
				"${PODS_PODFILE_DIR_PATH}/Podfile.lock",
				"${PODS_ROOT}/Manifest.lock",
			);
			name = "[CP] Check Pods Manifest.lock";
			outputFileListPaths = (
			);
			outputPaths = (
				"$(DERIVED_FILE_DIR)/Pods-Readflix-ReadflixUITests-checkManifestLockResult.txt",
			);
			runOnlyForDeploymentPostprocessing = 0;
			shellPath = /bin/sh;
			shellScript = "diff \"${PODS_PODFILE_DIR_PATH}/Podfile.lock\" \"${PODS_ROOT}/Manifest.lock\" > /dev/null\nif [ $? != 0 ] ; then\n    # print error to STDERR\n    echo \"error: The sandbox is not in sync with the Podfile.lock. Run 'pod install' or update your CocoaPods installation.\" >&2\n    exit 1\nfi\n# This output is used by Xcode 'outputs' to avoid re-running this script phase.\necho \"SUCCESS\" > \"${SCRIPT_OUTPUT_FILE_0}\"\n";
			showEnvVarsInLog = 0;
		};
		B6517AFF1BA8365F0631A8AD /* [CP] Embed Pods Frameworks */ = {
			isa = PBXShellScriptBuildPhase;
			buildActionMask = 2147483647;
			files = (
			);
			inputFileListPaths = (
				"${PODS_ROOT}/Target Support Files/Pods-Readflix-ReadflixUITests/Pods-Readflix-ReadflixUITests-frameworks-${CONFIGURATION}-input-files.xcfilelist",
			);
			name = "[CP] Embed Pods Frameworks";
			outputFileListPaths = (
				"${PODS_ROOT}/Target Support Files/Pods-Readflix-ReadflixUITests/Pods-Readflix-ReadflixUITests-frameworks-${CONFIGURATION}-output-files.xcfilelist",
			);
			runOnlyForDeploymentPostprocessing = 0;
			shellPath = /bin/sh;
			shellScript = "\"${PODS_ROOT}/Target Support Files/Pods-Readflix-ReadflixUITests/Pods-Readflix-ReadflixUITests-frameworks.sh\"\n";
			showEnvVarsInLog = 0;
		};
		F664D63DCF05C512E7114082 /* [CP] Check Pods Manifest.lock */ = {
			isa = PBXShellScriptBuildPhase;
			buildActionMask = 2147483647;
			files = (
			);
			inputFileListPaths = (
			);
			inputPaths = (
				"${PODS_PODFILE_DIR_PATH}/Podfile.lock",
				"${PODS_ROOT}/Manifest.lock",
			);
			name = "[CP] Check Pods Manifest.lock";
			outputFileListPaths = (
			);
			outputPaths = (
				"$(DERIVED_FILE_DIR)/Pods-ReadflixTests-checkManifestLockResult.txt",
			);
			runOnlyForDeploymentPostprocessing = 0;
			shellPath = /bin/sh;
			shellScript = "diff \"${PODS_PODFILE_DIR_PATH}/Podfile.lock\" \"${PODS_ROOT}/Manifest.lock\" > /dev/null\nif [ $? != 0 ] ; then\n    # print error to STDERR\n    echo \"error: The sandbox is not in sync with the Podfile.lock. Run 'pod install' or update your CocoaPods installation.\" >&2\n    exit 1\nfi\n# This output is used by Xcode 'outputs' to avoid re-running this script phase.\necho \"SUCCESS\" > \"${SCRIPT_OUTPUT_FILE_0}\"\n";
			showEnvVarsInLog = 0;
		};
/* End PBXShellScriptBuildPhase section */

/* Begin PBXSourcesBuildPhase section */
		667042A027039D47000F5E95 /* Sources */ = {
			isa = PBXSourcesBuildPhase;
			buildActionMask = 2147483647;
			files = (
				66B390E627059E8B00FF7E66 /* FileManager.swift in Sources */,
				667C29CF27597F0500AFA031 /* FlashingSettingsView.swift in Sources */,
				66C9B4F02708F3BF006E70FB /* ImportDocsView.swift in Sources */,
				667042B427039D49000F5E95 /* Readflix.xcdatamodeld in Sources */,
				667042DA27039E3B000F5E95 /* ImportView.swift in Sources */,
				66678BB3274DADB700AFF335 /* User.swift in Sources */,
				667042DC27039E4E000F5E95 /* ScanningView.swift in Sources */,
				667042B127039D49000F5E95 /* Persistence.swift in Sources */,
				660CDE502708E6B600643B54 /* ImportTextView.swift in Sources */,
				66C9B4F22708F3E3006E70FB /* ImportUrlView.swift in Sources */,
				667042E627039F85000F5E95 /* ProfileView.swift in Sources */,
				663C1EA2270E1DF90039A8A0 /* AlertTestView.swift in Sources */,
				667042E027039EC6000F5E95 /* RootTabView.swift in Sources */,
				664DA73027348C4D00FF9A1E /* WebParser.swift in Sources */,
				6670B09D27108A6300CFEEA2 /* PasteTextView.swift in Sources */,
				667042EC27039FDF000F5E95 /* TextRecogniser.swift in Sources */,
				666063FF273EC1260083BEF2 /* PdfParser.swift in Sources */,
				66C48ECD2754E6930029C8B3 /* FlashingReadView.swift in Sources */,
				66B390E827059FF100FF7E66 /* ImportedTextFileStateController.swift in Sources */,
				667042D827039E20000F5E95 /* ImportScanView.swift in Sources */,
				66C9B4F62708F42C006E70FB /* ImportBooksView.swift in Sources */,
				6658A604270B09B7006F85DB /* ImportedText.swift in Sources */,
				667042AA27039D47000F5E95 /* ContentView.swift in Sources */,
				667042E227039EE3000F5E95 /* DiscoverView.swift in Sources */,
				667042E427039F6A000F5E95 /* StatisticsView.swift in Sources */,
				6678D27B27078BD400D712EE /* ImportButtonItemView.swift in Sources */,
				66C9B4F42708F41F006E70FB /* ImportNewsView.swift in Sources */,
				66A43F60274279A2000F6C75 /* FlashingMethod.swift in Sources */,
				667042DE27039EB1000F5E95 /* BookshelfView.swift in Sources */,
				664DA736273496C100FF9A1E /* PasteUrlView.swift in Sources */,
				667042A827039D47000F5E95 /* ReadflixApp.swift in Sources */,
				6676A502273D189B00A324F2 /* PasteDocsView.swift in Sources */,
				66606401273EC14F0083BEF2 /* ePubParser.swift in Sources */,
			);
			runOnlyForDeploymentPostprocessing = 0;
		};
		667042B527039D49000F5E95 /* Sources */ = {
			isa = PBXSourcesBuildPhase;
			buildActionMask = 2147483647;
			files = (
				6695917927404189008B9947 /* PdfParserTests.swift in Sources */,
				667042BE27039D49000F5E95 /* ReadflixTests.swift in Sources */,
				66481546274658EB00422899 /* FlashingMethodTests.swift in Sources */,
				66C56C382735915400A02355 /* WebParserTests.swift in Sources */,
				66FC69EC273446C300671A2E /* FileManager.swift in Sources */,
				66FC69EE27344CBE00671A2E /* FileManagerTests.swift in Sources */,
			);
			runOnlyForDeploymentPostprocessing = 0;
		};
		667042BF27039D49000F5E95 /* Sources */ = {
			isa = PBXSourcesBuildPhase;
			buildActionMask = 2147483647;
			files = (
				667042CA27039D49000F5E95 /* ReadflixUITestsLaunchTests.swift in Sources */,
				667042C827039D49000F5E95 /* ReadflixUITests.swift in Sources */,
			);
			runOnlyForDeploymentPostprocessing = 0;
		};
/* End PBXSourcesBuildPhase section */

/* Begin PBXTargetDependency section */
		667042BB27039D49000F5E95 /* PBXTargetDependency */ = {
			isa = PBXTargetDependency;
			target = 667042A327039D47000F5E95 /* Readflix */;
			targetProxy = 667042BA27039D49000F5E95 /* PBXContainerItemProxy */;
		};
		667042C527039D49000F5E95 /* PBXTargetDependency */ = {
			isa = PBXTargetDependency;
			target = 667042A327039D47000F5E95 /* Readflix */;
			targetProxy = 667042C427039D49000F5E95 /* PBXContainerItemProxy */;
		};
/* End PBXTargetDependency section */

/* Begin XCBuildConfiguration section */
		667042CB27039D49000F5E95 /* Debug */ = {
			isa = XCBuildConfiguration;
			buildSettings = {
				ALWAYS_SEARCH_USER_PATHS = NO;
				CLANG_ANALYZER_NONNULL = YES;
				CLANG_ANALYZER_NUMBER_OBJECT_CONVERSION = YES_AGGRESSIVE;
				CLANG_CXX_LANGUAGE_STANDARD = "gnu++17";
				CLANG_CXX_LIBRARY = "libc++";
				CLANG_ENABLE_MODULES = YES;
				CLANG_ENABLE_OBJC_ARC = YES;
				CLANG_ENABLE_OBJC_WEAK = YES;
				CLANG_WARN_BLOCK_CAPTURE_AUTORELEASING = YES;
				CLANG_WARN_BOOL_CONVERSION = YES;
				CLANG_WARN_COMMA = YES;
				CLANG_WARN_CONSTANT_CONVERSION = YES;
				CLANG_WARN_DEPRECATED_OBJC_IMPLEMENTATIONS = YES;
				CLANG_WARN_DIRECT_OBJC_ISA_USAGE = YES_ERROR;
				CLANG_WARN_DOCUMENTATION_COMMENTS = YES;
				CLANG_WARN_EMPTY_BODY = YES;
				CLANG_WARN_ENUM_CONVERSION = YES;
				CLANG_WARN_INFINITE_RECURSION = YES;
				CLANG_WARN_INT_CONVERSION = YES;
				CLANG_WARN_NON_LITERAL_NULL_CONVERSION = YES;
				CLANG_WARN_OBJC_IMPLICIT_RETAIN_SELF = YES;
				CLANG_WARN_OBJC_LITERAL_CONVERSION = YES;
				CLANG_WARN_OBJC_ROOT_CLASS = YES_ERROR;
				CLANG_WARN_QUOTED_INCLUDE_IN_FRAMEWORK_HEADER = YES;
				CLANG_WARN_RANGE_LOOP_ANALYSIS = YES;
				CLANG_WARN_STRICT_PROTOTYPES = YES;
				CLANG_WARN_SUSPICIOUS_MOVE = YES;
				CLANG_WARN_UNGUARDED_AVAILABILITY = YES_AGGRESSIVE;
				CLANG_WARN_UNREACHABLE_CODE = YES;
				CLANG_WARN__DUPLICATE_METHOD_MATCH = YES;
				COPY_PHASE_STRIP = NO;
				DEBUG_INFORMATION_FORMAT = dwarf;
				ENABLE_STRICT_OBJC_MSGSEND = YES;
				ENABLE_TESTABILITY = YES;
				GCC_C_LANGUAGE_STANDARD = gnu11;
				GCC_DYNAMIC_NO_PIC = NO;
				GCC_NO_COMMON_BLOCKS = YES;
				GCC_OPTIMIZATION_LEVEL = 0;
				GCC_PREPROCESSOR_DEFINITIONS = (
					"DEBUG=1",
					"$(inherited)",
				);
				GCC_WARN_64_TO_32_BIT_CONVERSION = YES;
				GCC_WARN_ABOUT_RETURN_TYPE = YES_ERROR;
				GCC_WARN_UNDECLARED_SELECTOR = YES;
				GCC_WARN_UNINITIALIZED_AUTOS = YES_AGGRESSIVE;
				GCC_WARN_UNUSED_FUNCTION = YES;
				GCC_WARN_UNUSED_VARIABLE = YES;
				IPHONEOS_DEPLOYMENT_TARGET = 14.7;
				MTL_ENABLE_DEBUG_INFO = INCLUDE_SOURCE;
				MTL_FAST_MATH = YES;
				ONLY_ACTIVE_ARCH = YES;
				SDKROOT = iphoneos;
				SWIFT_ACTIVE_COMPILATION_CONDITIONS = DEBUG;
				SWIFT_OPTIMIZATION_LEVEL = "-Onone";
			};
			name = Debug;
		};
		667042CC27039D49000F5E95 /* Release */ = {
			isa = XCBuildConfiguration;
			buildSettings = {
				ALWAYS_SEARCH_USER_PATHS = NO;
				CLANG_ANALYZER_NONNULL = YES;
				CLANG_ANALYZER_NUMBER_OBJECT_CONVERSION = YES_AGGRESSIVE;
				CLANG_CXX_LANGUAGE_STANDARD = "gnu++17";
				CLANG_CXX_LIBRARY = "libc++";
				CLANG_ENABLE_MODULES = YES;
				CLANG_ENABLE_OBJC_ARC = YES;
				CLANG_ENABLE_OBJC_WEAK = YES;
				CLANG_WARN_BLOCK_CAPTURE_AUTORELEASING = YES;
				CLANG_WARN_BOOL_CONVERSION = YES;
				CLANG_WARN_COMMA = YES;
				CLANG_WARN_CONSTANT_CONVERSION = YES;
				CLANG_WARN_DEPRECATED_OBJC_IMPLEMENTATIONS = YES;
				CLANG_WARN_DIRECT_OBJC_ISA_USAGE = YES_ERROR;
				CLANG_WARN_DOCUMENTATION_COMMENTS = YES;
				CLANG_WARN_EMPTY_BODY = YES;
				CLANG_WARN_ENUM_CONVERSION = YES;
				CLANG_WARN_INFINITE_RECURSION = YES;
				CLANG_WARN_INT_CONVERSION = YES;
				CLANG_WARN_NON_LITERAL_NULL_CONVERSION = YES;
				CLANG_WARN_OBJC_IMPLICIT_RETAIN_SELF = YES;
				CLANG_WARN_OBJC_LITERAL_CONVERSION = YES;
				CLANG_WARN_OBJC_ROOT_CLASS = YES_ERROR;
				CLANG_WARN_QUOTED_INCLUDE_IN_FRAMEWORK_HEADER = YES;
				CLANG_WARN_RANGE_LOOP_ANALYSIS = YES;
				CLANG_WARN_STRICT_PROTOTYPES = YES;
				CLANG_WARN_SUSPICIOUS_MOVE = YES;
				CLANG_WARN_UNGUARDED_AVAILABILITY = YES_AGGRESSIVE;
				CLANG_WARN_UNREACHABLE_CODE = YES;
				CLANG_WARN__DUPLICATE_METHOD_MATCH = YES;
				COPY_PHASE_STRIP = NO;
				DEBUG_INFORMATION_FORMAT = "dwarf-with-dsym";
				ENABLE_NS_ASSERTIONS = NO;
				ENABLE_STRICT_OBJC_MSGSEND = YES;
				GCC_C_LANGUAGE_STANDARD = gnu11;
				GCC_NO_COMMON_BLOCKS = YES;
				GCC_WARN_64_TO_32_BIT_CONVERSION = YES;
				GCC_WARN_ABOUT_RETURN_TYPE = YES_ERROR;
				GCC_WARN_UNDECLARED_SELECTOR = YES;
				GCC_WARN_UNINITIALIZED_AUTOS = YES_AGGRESSIVE;
				GCC_WARN_UNUSED_FUNCTION = YES;
				GCC_WARN_UNUSED_VARIABLE = YES;
				IPHONEOS_DEPLOYMENT_TARGET = 14.7;
				MTL_ENABLE_DEBUG_INFO = NO;
				MTL_FAST_MATH = YES;
				SDKROOT = iphoneos;
				SWIFT_COMPILATION_MODE = wholemodule;
				SWIFT_OPTIMIZATION_LEVEL = "-O";
				VALIDATE_PRODUCT = YES;
			};
			name = Release;
		};
		667042CE27039D49000F5E95 /* Debug */ = {
			isa = XCBuildConfiguration;
			baseConfigurationReference = F7B9168043D8618C7EFA5066 /* Pods-Readflix.debug.xcconfig */;
			buildSettings = {
				ASSETCATALOG_COMPILER_APPICON_NAME = AppIcon;
				ASSETCATALOG_COMPILER_GLOBAL_ACCENT_COLOR_NAME = AccentColor;
				CODE_SIGN_STYLE = Automatic;
				CURRENT_PROJECT_VERSION = 1;
				DEVELOPMENT_ASSET_PATHS = "\"Readflix/Preview Content\"";
				DEVELOPMENT_TEAM = 2Y7Y72NLLY;
				ENABLE_PREVIEWS = YES;
				ENABLE_TESTABILITY = YES;
				GENERATE_INFOPLIST_FILE = YES;
				INFOPLIST_KEY_NSCameraUsageDescription = "$(PRODUCT_NAME) Readflix wants to use your camera.";
				INFOPLIST_KEY_UIApplicationSceneManifest_Generation = YES;
				INFOPLIST_KEY_UIApplicationSupportsIndirectInputEvents = YES;
				INFOPLIST_KEY_UILaunchScreen_Generation = YES;
				INFOPLIST_KEY_UISupportedInterfaceOrientations_iPad = "UIInterfaceOrientationPortrait UIInterfaceOrientationPortraitUpsideDown UIInterfaceOrientationLandscapeLeft UIInterfaceOrientationLandscapeRight";
				INFOPLIST_KEY_UISupportedInterfaceOrientations_iPhone = "UIInterfaceOrientationPortrait UIInterfaceOrientationLandscapeLeft UIInterfaceOrientationLandscapeRight";
				IPHONEOS_DEPLOYMENT_TARGET = 15.0;
				LD_RUNPATH_SEARCH_PATHS = (
					"$(inherited)",
					"@executable_path/Frameworks",
				);
				MARKETING_VERSION = 1.0;
				PRODUCT_BUNDLE_IDENTIFIER = zhenglongwu.Readflix;
				PRODUCT_NAME = "$(TARGET_NAME)";
				SWIFT_EMIT_LOC_STRINGS = YES;
				SWIFT_VERSION = 5.0;
				TARGETED_DEVICE_FAMILY = 1;
			};
			name = Debug;
		};
		667042CF27039D49000F5E95 /* Release */ = {
			isa = XCBuildConfiguration;
			baseConfigurationReference = 98ADED8302A53FBA3A764C9C /* Pods-Readflix.release.xcconfig */;
			buildSettings = {
				ASSETCATALOG_COMPILER_APPICON_NAME = AppIcon;
				ASSETCATALOG_COMPILER_GLOBAL_ACCENT_COLOR_NAME = AccentColor;
				CODE_SIGN_STYLE = Automatic;
				CURRENT_PROJECT_VERSION = 1;
				DEVELOPMENT_ASSET_PATHS = "\"Readflix/Preview Content\"";
				DEVELOPMENT_TEAM = 2Y7Y72NLLY;
				ENABLE_PREVIEWS = YES;
				ENABLE_TESTABILITY = YES;
				GENERATE_INFOPLIST_FILE = YES;
				INFOPLIST_KEY_NSCameraUsageDescription = "$(PRODUCT_NAME) Readflix wants to use your camera.";
				INFOPLIST_KEY_UIApplicationSceneManifest_Generation = YES;
				INFOPLIST_KEY_UIApplicationSupportsIndirectInputEvents = YES;
				INFOPLIST_KEY_UILaunchScreen_Generation = YES;
				INFOPLIST_KEY_UISupportedInterfaceOrientations_iPad = "UIInterfaceOrientationPortrait UIInterfaceOrientationPortraitUpsideDown UIInterfaceOrientationLandscapeLeft UIInterfaceOrientationLandscapeRight";
				INFOPLIST_KEY_UISupportedInterfaceOrientations_iPhone = "UIInterfaceOrientationPortrait UIInterfaceOrientationLandscapeLeft UIInterfaceOrientationLandscapeRight";
				IPHONEOS_DEPLOYMENT_TARGET = 15.0;
				LD_RUNPATH_SEARCH_PATHS = (
					"$(inherited)",
					"@executable_path/Frameworks",
				);
				MARKETING_VERSION = 1.0;
				PRODUCT_BUNDLE_IDENTIFIER = zhenglongwu.Readflix;
				PRODUCT_NAME = "$(TARGET_NAME)";
				SWIFT_EMIT_LOC_STRINGS = YES;
				SWIFT_VERSION = 5.0;
				TARGETED_DEVICE_FAMILY = 1;
			};
			name = Release;
		};
		667042D127039D49000F5E95 /* Debug */ = {
			isa = XCBuildConfiguration;
			baseConfigurationReference = F76E5671708F1303944DC0ED /* Pods-ReadflixTests.debug.xcconfig */;
			buildSettings = {
				ALWAYS_EMBED_SWIFT_STANDARD_LIBRARIES = YES;
				BUNDLE_LOADER = "$(TEST_HOST)";
				CODE_SIGN_STYLE = Automatic;
				CURRENT_PROJECT_VERSION = 1;
				DEVELOPMENT_TEAM = 2Y7Y72NLLY;
				GENERATE_INFOPLIST_FILE = YES;
				IPHONEOS_DEPLOYMENT_TARGET = 15.0;
				LD_RUNPATH_SEARCH_PATHS = (
					"$(inherited)",
					"@executable_path/Frameworks",
					"@loader_path/Frameworks",
				);
				MARKETING_VERSION = 1.0;
				PRODUCT_BUNDLE_IDENTIFIER = zhenglongwu.ReadflixTests;
				PRODUCT_NAME = "$(TARGET_NAME)";
				SWIFT_EMIT_LOC_STRINGS = NO;
				SWIFT_VERSION = 5.0;
				TARGETED_DEVICE_FAMILY = "1,2";
				TEST_HOST = "$(BUILT_PRODUCTS_DIR)/Readflix.app/Readflix";
			};
			name = Debug;
		};
		667042D227039D49000F5E95 /* Release */ = {
			isa = XCBuildConfiguration;
			baseConfigurationReference = 26F97DE8545DFC3E435ECC4E /* Pods-ReadflixTests.release.xcconfig */;
			buildSettings = {
				ALWAYS_EMBED_SWIFT_STANDARD_LIBRARIES = YES;
				BUNDLE_LOADER = "$(TEST_HOST)";
				CODE_SIGN_STYLE = Automatic;
				CURRENT_PROJECT_VERSION = 1;
				DEVELOPMENT_TEAM = 2Y7Y72NLLY;
				GENERATE_INFOPLIST_FILE = YES;
				IPHONEOS_DEPLOYMENT_TARGET = 15.0;
				LD_RUNPATH_SEARCH_PATHS = (
					"$(inherited)",
					"@executable_path/Frameworks",
					"@loader_path/Frameworks",
				);
				MARKETING_VERSION = 1.0;
				PRODUCT_BUNDLE_IDENTIFIER = zhenglongwu.ReadflixTests;
				PRODUCT_NAME = "$(TARGET_NAME)";
				SWIFT_EMIT_LOC_STRINGS = NO;
				SWIFT_VERSION = 5.0;
				TARGETED_DEVICE_FAMILY = "1,2";
				TEST_HOST = "$(BUILT_PRODUCTS_DIR)/Readflix.app/Readflix";
			};
			name = Release;
		};
		667042D427039D49000F5E95 /* Debug */ = {
			isa = XCBuildConfiguration;
			baseConfigurationReference = C9C7557FC772D14A36873C35 /* Pods-Readflix-ReadflixUITests.debug.xcconfig */;
			buildSettings = {
				ALWAYS_EMBED_SWIFT_STANDARD_LIBRARIES = YES;
				CODE_SIGN_STYLE = Automatic;
				CURRENT_PROJECT_VERSION = 1;
				DEVELOPMENT_TEAM = 2Y7Y72NLLY;
				GENERATE_INFOPLIST_FILE = YES;
				LD_RUNPATH_SEARCH_PATHS = (
					"$(inherited)",
					"@executable_path/Frameworks",
					"@loader_path/Frameworks",
				);
				MARKETING_VERSION = 1.0;
				PRODUCT_BUNDLE_IDENTIFIER = zhenglongwu.ReadflixUITests;
				PRODUCT_NAME = "$(TARGET_NAME)";
				SWIFT_EMIT_LOC_STRINGS = NO;
				SWIFT_VERSION = 5.0;
				TARGETED_DEVICE_FAMILY = "1,2";
				TEST_TARGET_NAME = Readflix;
			};
			name = Debug;
		};
		667042D527039D49000F5E95 /* Release */ = {
			isa = XCBuildConfiguration;
			baseConfigurationReference = 042231B2062DC922AFCF7502 /* Pods-Readflix-ReadflixUITests.release.xcconfig */;
			buildSettings = {
				ALWAYS_EMBED_SWIFT_STANDARD_LIBRARIES = YES;
				CODE_SIGN_STYLE = Automatic;
				CURRENT_PROJECT_VERSION = 1;
				DEVELOPMENT_TEAM = 2Y7Y72NLLY;
				GENERATE_INFOPLIST_FILE = YES;
				LD_RUNPATH_SEARCH_PATHS = (
					"$(inherited)",
					"@executable_path/Frameworks",
					"@loader_path/Frameworks",
				);
				MARKETING_VERSION = 1.0;
				PRODUCT_BUNDLE_IDENTIFIER = zhenglongwu.ReadflixUITests;
				PRODUCT_NAME = "$(TARGET_NAME)";
				SWIFT_EMIT_LOC_STRINGS = NO;
				SWIFT_VERSION = 5.0;
				TARGETED_DEVICE_FAMILY = "1,2";
				TEST_TARGET_NAME = Readflix;
			};
			name = Release;
		};
/* End XCBuildConfiguration section */

/* Begin XCConfigurationList section */
		6670429F27039D47000F5E95 /* Build configuration list for PBXProject "Readflix" */ = {
			isa = XCConfigurationList;
			buildConfigurations = (
				667042CB27039D49000F5E95 /* Debug */,
				667042CC27039D49000F5E95 /* Release */,
			);
			defaultConfigurationIsVisible = 0;
			defaultConfigurationName = Release;
		};
		667042CD27039D49000F5E95 /* Build configuration list for PBXNativeTarget "Readflix" */ = {
			isa = XCConfigurationList;
			buildConfigurations = (
				667042CE27039D49000F5E95 /* Debug */,
				667042CF27039D49000F5E95 /* Release */,
			);
			defaultConfigurationIsVisible = 0;
			defaultConfigurationName = Release;
		};
		667042D027039D49000F5E95 /* Build configuration list for PBXNativeTarget "ReadflixTests" */ = {
			isa = XCConfigurationList;
			buildConfigurations = (
				667042D127039D49000F5E95 /* Debug */,
				667042D227039D49000F5E95 /* Release */,
			);
			defaultConfigurationIsVisible = 0;
			defaultConfigurationName = Release;
		};
		667042D327039D49000F5E95 /* Build configuration list for PBXNativeTarget "ReadflixUITests" */ = {
			isa = XCConfigurationList;
			buildConfigurations = (
				667042D427039D49000F5E95 /* Debug */,
				667042D527039D49000F5E95 /* Release */,
			);
			defaultConfigurationIsVisible = 0;
			defaultConfigurationName = Release;
		};
/* End XCConfigurationList section */

/* Begin XCVersionGroup section */
		667042B227039D49000F5E95 /* Readflix.xcdatamodeld */ = {
			isa = XCVersionGroup;
			children = (
				667042B327039D49000F5E95 /* Readflix.xcdatamodel */,
			);
			currentVersion = 667042B327039D49000F5E95 /* Readflix.xcdatamodel */;
			path = Readflix.xcdatamodeld;
			sourceTree = "<group>";
			versionGroupType = wrapper.xcdatamodel;
		};
/* End XCVersionGroup section */
	};
	rootObject = 6670429C27039D47000F5E95 /* Project object */;
}
